
Microsoft Visual Studio Solution File, Format Version 12.00
# Visual Studio 15
VisualStudioVersion = 15.0.28307.645
MinimumVisualStudioVersion = 10.0.40219.1
Project("{FAE04EC0-301F-11D3-BF4B-00C04F79EFBC}") = "ControleCurso.View", "ControleCurso\ControleCurso.View.csproj", "{A7198B35-5788-46C1-8C70-3061A9A6F754}"
EndProject
Project("{FAE04EC0-301F-11D3-BF4B-00C04F79EFBC}") = "ControleCurso.Domain", "ControleCurso.Domain\ControleCurso.Domain.csproj", "{11EDC555-B034-4711-9CB2-3415723D0C09}"
EndProject
Project("{FAE04EC0-301F-11D3-BF4B-00C04F79EFBC}") = "ControleCurso.MapeamentoOR", "ControleCurso.MapeamentoOR\ControleCurso.MapeamentoOR.csproj", "{2B04E67D-453F-4E30-8531-BA8F7108D08F}"
EndProject
Project("{FAE04EC0-301F-11D3-BF4B-00C04F79EFBC}") = "ControleCurso.Persistencia", "ControleCurso.Persistencia\ControleCurso.Persistencia.csproj", "{96A7CF09-9655-4B10-A147-F720FF4879E9}"
EndProject
Global
	GlobalSection(SolutionConfigurationPlatforms) = preSolution
		Debug|Any CPU = Debug|Any CPU
		Release|Any CPU = Release|Any CPU
	EndGlobalSection
	GlobalSection(ProjectConfigurationPlatforms) = postSolution
		{A7198B35-5788-46C1-8C70-3061A9A6F754}.Debug|Any CPU.ActiveCfg = Debug|Any CPU
		{A7198B35-5788-46C1-8C70-3061A9A6F754}.Debug|Any CPU.Build.0 = Debug|Any CPU
		{A7198B35-5788-46C1-8C70-3061A9A6F754}.Release|Any CPU.ActiveCfg = Release|Any CPU
		{A7198B35-5788-46C1-8C70-3061A9A6F754}.Release|Any CPU.Build.0 = Release|Any CPU
		{11EDC555-B034-4711-9CB2-3415723D0C09}.Debug|Any CPU.ActiveCfg = Debug|Any CPU
		{11EDC555-B034-4711-9CB2-3415723D0C09}.Debug|Any CPU.Build.0 = Debug|Any CPU
		{11EDC555-B034-4711-9CB2-3415723D0C09}.Release|Any CPU.ActiveCfg = Release|Any CPU
		{11EDC555-B034-4711-9CB2-3415723D0C09}.Release|Any CPU.Build.0 = Release|Any CPU
		{2B04E67D-453F-4E30-8531-BA8F7108D08F}.Debug|Any CPU.ActiveCfg = Debug|Any CPU
		{2B04E67D-453F-4E30-8531-BA8F7108D08F}.Debug|Any CPU.Build.0 = Debug|Any CPU
		{2B04E67D-453F-4E30-8531-BA8F7108D08F}.Release|Any CPU.ActiveCfg = Release|Any CPU
		{2B04E67D-453F-4E30-8531-BA8F7108D08F}.Release|Any CPU.Build.0 = Release|Any CPU
		{96A7CF09-9655-4B10-A147-F720FF4879E9}.Debug|Any CPU.ActiveCfg = Debug|Any CPU
		{96A7CF09-9655-4B10-A147-F720FF4879E9}.Debug|Any CPU.Build.0 = Debug|Any CPU
		{96A7CF09-9655-4B10-A147-F720FF4879E9}.Release|Any CPU.ActiveCfg = Release|Any CPU
		{96A7CF09-9655-4B10-A147-F720FF4879E9}.Release|Any CPU.Build.0 = Release|Any CPU
	EndGlobalSection
	GlobalSection(SolutionProperties) = preSolution
		HideSolutionNode = FALSE
	EndGlobalSection
	GlobalSection(ExtensibilityGlobals) = postSolution
		SolutionGuid = {D4AA5102-0521-48A3-9510-F704B152722D}
	EndGlobalSection
EndGlobal
